schema: '2.0'
stages:
  data_ingestion:
    cmd: python src/data/data_ingestion.py
    deps:
    - path: src/data/data_ingestion.py
      hash: md5
      md5: 37a85371d98977985b5892361aa70c60
      size: 3042
    outs:
    - path: data/external
      hash: md5
      md5: b2a9d72f159c18eafc1363098d7f224a.dir
      size: 798744
      nfiles: 2
  data_preprocessing:
    cmd: python src/data/data_preprocessing.py
    deps:
    - path: data/external
      hash: md5
      md5: b2a9d72f159c18eafc1363098d7f224a.dir
      size: 798744
      nfiles: 2
    - path: src/data/data_preprocessing.py
      hash: md5
      md5: bbbe44407133994702c6c589f9a5f472
      size: 517
    outs:
    - path: data/interim
      hash: md5
      md5: 830dc1e89eec7ee429df03f7757dbf4b.dir
      size: 560598
      nfiles: 2
  feature_engineering:
    cmd: python src/features/feature_engineering.py
    deps:
    - path: data/interim
      hash: md5
      md5: 830dc1e89eec7ee429df03f7757dbf4b.dir
      size: 560598
      nfiles: 2
    - path: src/features/feature_engineering.py
      hash: md5
      md5: 4be80d873e93ee1f048c904d24ebf025
      size: 1298
    outs:
    - path: data/processed
      hash: md5
      md5: cd205223ec7a8a24623a7943841d8d1b.dir
      size: 514425
      nfiles: 2
  model_training:
    cmd: python src/models/model_training.py
    deps:
    - path: data/processed
      hash: md5
      md5: cd205223ec7a8a24623a7943841d8d1b.dir
      size: 514425
      nfiles: 2
    - path: src/models/model_training.py
      hash: md5
      md5: d7dd3ff486d0f56808c757718cab79bf
      size: 4087
    outs:
    - path: artifacts/
      hash: md5
      md5: 50586187a22cec1f1d36bcf7d58cbc83.dir
      size: 2936038
      nfiles: 6
  inference:
    cmd: python src/models/inference.py
    deps:
    - path: artifacts/
      hash: md5
      md5: 50586187a22cec1f1d36bcf7d58cbc83.dir
      size: 2936038
      nfiles: 6
    - path: src/models/inference.py
      hash: md5
      md5: 1352d8e5c2cfcb4f76692cb3c46d3fa3
      size: 3456
    outs:
    - path: prediction.json
      hash: md5
      md5: 1094cae74534e8ad6891063a96efd89f
      size: 397
