schema: '2.0'
stages:
  data_ingestion:
    cmd: python src/data/data_ingestion.py
    deps:
    - path: src/data/data_ingestion.py
      hash: md5
      md5: 1c131517f70936cf95240200d5d32dc9
      size: 3044
    outs:
    - path: data/external
      hash: md5
      md5: 1b4b7740d3dc2e01f7b5d3d064376a18.dir
      size: 798737
      nfiles: 2
  data_preprocessing:
    cmd: python src/data/data_preprocessing.py
    deps:
    - path: data/external
      hash: md5
      md5: 1b4b7740d3dc2e01f7b5d3d064376a18.dir
      size: 798737
      nfiles: 2
    - path: src/data/data_preprocessing.py
      hash: md5
      md5: 728c2b7dc0978a2263a5da3e1fe2e8e5
      size: 527
    outs:
    - path: data/interim
      hash: md5
      md5: 2110889e5adc371edba359f07c9f1b6c.dir
      size: 490827
      nfiles: 2
