schema: '2.0'
stages:
  data_ingestion:
    cmd: python src/data/data_ingestion.py
    deps:
    - path: src/data/data_ingestion.py
      hash: md5
      md5: 85505eed3403f440b1fde41d6ed1c976
      size: 3156
    outs:
    - path: data/external
      hash: md5
      md5: 0a016fe9180eb9b3f3d12997d6469eaa.dir
      size: 801926
      nfiles: 2
  data_preprocessing:
    cmd: python src/data/data_preprocessing.py
    deps:
    - path: data/external
      hash: md5
      md5: 0a016fe9180eb9b3f3d12997d6469eaa.dir
      size: 801926
      nfiles: 2
    - path: src/data/data_preprocessing.py
      hash: md5
      md5: bbbe44407133994702c6c589f9a5f472
      size: 517
    outs:
    - path: data/interim
      hash: md5
      md5: bea88f28c714230b0465806bc85d95c8.dir
      size: 562818
      nfiles: 2
  feature_engineering:
    cmd: python src/features/feature_engineering.py
    deps:
    - path: data/interim
      hash: md5
      md5: bea88f28c714230b0465806bc85d95c8.dir
      size: 562818
      nfiles: 2
    - path: src/features/feature_engineering.py
      hash: md5
      md5: 4be80d873e93ee1f048c904d24ebf025
      size: 1298
    outs:
    - path: data/processed
      hash: md5
      md5: 7c6dcb1ff1ffe1d09359a7c7ba5348d4.dir
      size: 516515
      nfiles: 2
  model_training:
    cmd: python src/models/model_training.py
    deps:
    - path: data/processed
      hash: md5
      md5: 7c6dcb1ff1ffe1d09359a7c7ba5348d4.dir
      size: 516515
      nfiles: 2
    - path: src/models/model_training.py
      hash: md5
      md5: d79d8c556f9e26fae1ae8cc26795b105
      size: 5018
    params:
      params.yaml:
        model_training.colsample_bytree: uniform(0.6, 0.4)
        model_training.gamma: uniform(0, 0.5)
        model_training.learning_rate: uniform(0.01, 0.3)
        model_training.max_depth: randint(3, 10)
        model_training.min_child_weight: randint(1, 10)
        model_training.n_estimators: randint(100, 1000)
        model_training.reg_alpha: uniform(0, 2)
        model_training.reg_lambda: uniform(0.5, 2)
        model_training.subsample: uniform(0.6, 0.4)
    outs:
    - path: artifacts/
      hash: md5
      md5: 32f6c241af18f3c21b897f141ed6d0db.dir
      size: 2324585
      nfiles: 6
  inference:
    cmd: python src/models/inference.py
    deps:
    - path: artifacts/
      hash: md5
      md5: 32f6c241af18f3c21b897f141ed6d0db.dir
      size: 2324585
      nfiles: 6
    - path: src/models/inference.py
      hash: md5
      md5: f3c6b2ec3827e49a65a2b76a463db308
      size: 3266
    outs:
    - path: prediction.json
      hash: md5
      md5: 4aa88f58f07957917a35a70853b6ca0b
      size: 400
